
Microsoft Visual Studio Solution File, Format Version 12.00
# Visual Studio Version 17
VisualStudioVersion = 17.9.34622.214
MinimumVisualStudioVersion = 10.0.40219.1
Project("{FAE04EC0-301F-11D3-BF4B-00C04F79EFBC}") = "MonitorStudentsActivities", "MonitorStudentsActivities.csproj", "{AC84C4D2-DE2E-4E50-9A4E-3D32C8DB8CC0}"
EndProject
Global
	GlobalSection(SolutionConfigurationPlatforms) = preSolution
		Debug|Any CPU = Debug|Any CPU
		Release|Any CPU = Release|Any CPU
	EndGlobalSection
	GlobalSection(ProjectConfigurationPlatforms) = postSolution
		{AC84C4D2-DE2E-4E50-9A4E-3D32C8DB8CC0}.Debug|Any CPU.ActiveCfg = Debug|Any CPU
		{AC84C4D2-DE2E-4E50-9A4E-3D32C8DB8CC0}.Debug|Any CPU.Build.0 = Debug|Any CPU
		{AC84C4D2-DE2E-4E50-9A4E-3D32C8DB8CC0}.Release|Any CPU.ActiveCfg = Release|Any CPU
		{AC84C4D2-DE2E-4E50-9A4E-3D32C8DB8CC0}.Release|Any CPU.Build.0 = Release|Any CPU
	EndGlobalSection
	GlobalSection(SolutionProperties) = preSolution
		HideSolutionNode = FALSE
	EndGlobalSection
	GlobalSection(ExtensibilityGlobals) = postSolution
		SolutionGuid = {A6AF32DE-C92E-4AFC-A02D-8F144D49AF09}
	EndGlobalSection
EndGlobal
